
Microsoft Visual Studio Solution File, Format Version 12.00
# Visual Studio Version 17
VisualStudioVersion = 17.13.35825.156 d17.13
MinimumVisualStudioVersion = 10.0.40219.1
Project("{FAE04EC0-301F-11D3-BF4B-00C04F79EFBC}") = "ConsoleApp", "ConsoleApp\ConsoleApp.csproj", "{6614C021-2125-4336-865B-4DFFBBE54E7A}"
EndProject
Global
	GlobalSection(SolutionConfigurationPlatforms) = preSolution
		Debug|Any CPU = Debug|Any CPU
		Release|Any CPU = Release|Any CPU
	EndGlobalSection
	GlobalSection(ProjectConfigurationPlatforms) = postSolution
		{6614C021-2125-4336-865B-4DFFBBE54E7A}.Debug|Any CPU.ActiveCfg = Debug|Any CPU
		{6614C021-2125-4336-865B-4DFFBBE54E7A}.Debug|Any CPU.Build.0 = Debug|Any CPU
		{6614C021-2125-4336-865B-4DFFBBE54E7A}.Release|Any CPU.ActiveCfg = Release|Any CPU
		{6614C021-2125-4336-865B-4DFFBBE54E7A}.Release|Any CPU.Build.0 = Release|Any CPU
	EndGlobalSection
	GlobalSection(SolutionProperties) = preSolution
		HideSolutionNode = FALSE
	EndGlobalSection
	GlobalSection(ExtensibilityGlobals) = postSolution
		SolutionGuid = {376EEF2F-83B7-4D2C-842A-0BEF2FC05734}
	EndGlobalSection
EndGlobal
