
Microsoft Visual Studio Solution File, Format Version 12.00
# Visual Studio Version 17
VisualStudioVersion = 17.14.36401.2 d17.14
MinimumVisualStudioVersion = 10.0.40219.1
Project("{FAE04EC0-301F-11D3-BF4B-00C04F79EFBC}") = "Domain", "Domain\Domain.csproj", "{98AA1977-EED7-46D4-90F3-2FF54E0069B7}"
EndProject
Project("{FAE04EC0-301F-11D3-BF4B-00C04F79EFBC}") = "Infrastructure", "Infrastructure\Infrastructure.csproj", "{6EA913C4-B738-4C70-9326-45EDC4831FD7}"
EndProject
Project("{FAE04EC0-301F-11D3-BF4B-00C04F79EFBC}") = "Web", "Web\Web.csproj", "{821C8FD4-7089-4862-9112-190454A35D41}"
EndProject
Global
	GlobalSection(SolutionConfigurationPlatforms) = preSolution
		Debug|Any CPU = Debug|Any CPU
		Release|Any CPU = Release|Any CPU
	EndGlobalSection
	GlobalSection(ProjectConfigurationPlatforms) = postSolution
		{98AA1977-EED7-46D4-90F3-2FF54E0069B7}.Debug|Any CPU.ActiveCfg = Debug|Any CPU
		{98AA1977-EED7-46D4-90F3-2FF54E0069B7}.Debug|Any CPU.Build.0 = Debug|Any CPU
		{98AA1977-EED7-46D4-90F3-2FF54E0069B7}.Release|Any CPU.ActiveCfg = Release|Any CPU
		{98AA1977-EED7-46D4-90F3-2FF54E0069B7}.Release|Any CPU.Build.0 = Release|Any CPU
		{6EA913C4-B738-4C70-9326-45EDC4831FD7}.Debug|Any CPU.ActiveCfg = Debug|Any CPU
		{6EA913C4-B738-4C70-9326-45EDC4831FD7}.Debug|Any CPU.Build.0 = Debug|Any CPU
		{6EA913C4-B738-4C70-9326-45EDC4831FD7}.Release|Any CPU.ActiveCfg = Release|Any CPU
		{6EA913C4-B738-4C70-9326-45EDC4831FD7}.Release|Any CPU.Build.0 = Release|Any CPU
		{821C8FD4-7089-4862-9112-190454A35D41}.Debug|Any CPU.ActiveCfg = Debug|Any CPU
		{821C8FD4-7089-4862-9112-190454A35D41}.Debug|Any CPU.Build.0 = Debug|Any CPU
		{821C8FD4-7089-4862-9112-190454A35D41}.Release|Any CPU.ActiveCfg = Release|Any CPU
		{821C8FD4-7089-4862-9112-190454A35D41}.Release|Any CPU.Build.0 = Release|Any CPU
	EndGlobalSection
	GlobalSection(SolutionProperties) = preSolution
		HideSolutionNode = FALSE
	EndGlobalSection
	GlobalSection(ExtensibilityGlobals) = postSolution
		SolutionGuid = {E04316AE-F856-4386-95DC-931272F79168}
	EndGlobalSection
EndGlobal
